
Microsoft Visual Studio Solution File, Format Version 12.00
# Visual Studio Express 15 for Windows Desktop
VisualStudioVersion = 15.0.36324.19
MinimumVisualStudioVersion = 10.0.40219.1
Project("{FAE04EC0-301F-11D3-BF4B-00C04F79EFBC}") = "winforms1", "winforms1\winforms1.csproj", "{0C10068D-942F-4C60-AB44-EBE1CEBDA575}"
EndProject
Global
	GlobalSection(SolutionConfigurationPlatforms) = preSolution
		Debug|Any CPU = Debug|Any CPU
		Release|Any CPU = Release|Any CPU
	EndGlobalSection
	GlobalSection(ProjectConfigurationPlatforms) = postSolution
		{0C10068D-942F-4C60-AB44-EBE1CEBDA575}.Debug|Any CPU.ActiveCfg = Debug|Any CPU
		{0C10068D-942F-4C60-AB44-EBE1CEBDA575}.Debug|Any CPU.Build.0 = Debug|Any CPU
		{0C10068D-942F-4C60-AB44-EBE1CEBDA575}.Release|Any CPU.ActiveCfg = Release|Any CPU
		{0C10068D-942F-4C60-AB44-EBE1CEBDA575}.Release|Any CPU.Build.0 = Release|Any CPU
	EndGlobalSection
	GlobalSection(SolutionProperties) = preSolution
		HideSolutionNode = FALSE
	EndGlobalSection
	GlobalSection(ExtensibilityGlobals) = postSolution
		SolutionGuid = {77A5D602-BF89-4463-A36B-A2D9C601D852}
	EndGlobalSection
EndGlobal
